
Microsoft Visual Studio Solution File, Format Version 12.00
# Visual Studio Version 16
VisualStudioVersion = 16.0.31129.286
MinimumVisualStudioVersion = 10.0.40219.1
Project("{FAE04EC0-301F-11D3-BF4B-00C04F79EFBC}") = "NorthStarModBrowser", "NorthStarModBrowser\NorthStarModBrowser.csproj", "{EE4506BC-073F-48A6-A6DE-7E007EF19270}"
EndProject
Global
	GlobalSection(SolutionConfigurationPlatforms) = preSolution
		Debug|Any CPU = Debug|Any CPU
		Release|Any CPU = Release|Any CPU
	EndGlobalSection
	GlobalSection(ProjectConfigurationPlatforms) = postSolution
		{EE4506BC-073F-48A6-A6DE-7E007EF19270}.Debug|Any CPU.ActiveCfg = Debug|Any CPU
		{EE4506BC-073F-48A6-A6DE-7E007EF19270}.Debug|Any CPU.Build.0 = Debug|Any CPU
		{EE4506BC-073F-48A6-A6DE-7E007EF19270}.Release|Any CPU.ActiveCfg = Release|Any CPU
		{EE4506BC-073F-48A6-A6DE-7E007EF19270}.Release|Any CPU.Build.0 = Release|Any CPU
	EndGlobalSection
	GlobalSection(SolutionProperties) = preSolution
		HideSolutionNode = FALSE
	EndGlobalSection
	GlobalSection(ExtensibilityGlobals) = postSolution
		SolutionGuid = {406AA5FA-0093-469A-AAAB-C09D8C5F2F2B}
	EndGlobalSection
EndGlobal
